
Microsoft Visual Studio Solution File, Format Version 12.00
# Visual Studio Version 17
VisualStudioVersion = 17.13.35818.85 d17.13
MinimumVisualStudioVersion = 10.0.40219.1
Project("{FAE04EC0-301F-11D3-BF4B-00C04F79EFBC}") = "Library", "Library\Library.csproj", "{B9369D60-99B7-4DEE-9B1F-5A53DC7E6D46}"
EndProject
Project("{FAE04EC0-301F-11D3-BF4B-00C04F79EFBC}") = "Tests", "Tests\Tests.csproj", "{7909C087-E906-4B84-8252-E48EDA75134B}"
	ProjectSection(ProjectDependencies) = postProject
		{B9369D60-99B7-4DEE-9B1F-5A53DC7E6D46} = {B9369D60-99B7-4DEE-9B1F-5A53DC7E6D46}
	EndProjectSection
EndProject
Global
	GlobalSection(SolutionConfigurationPlatforms) = preSolution
		Debug|Any CPU = Debug|Any CPU
		Release|Any CPU = Release|Any CPU
	EndGlobalSection
	GlobalSection(ProjectConfigurationPlatforms) = postSolution
		{B9369D60-99B7-4DEE-9B1F-5A53DC7E6D46}.Debug|Any CPU.ActiveCfg = Debug|Any CPU
		{B9369D60-99B7-4DEE-9B1F-5A53DC7E6D46}.Debug|Any CPU.Build.0 = Debug|Any CPU
		{B9369D60-99B7-4DEE-9B1F-5A53DC7E6D46}.Release|Any CPU.ActiveCfg = Release|Any CPU
		{B9369D60-99B7-4DEE-9B1F-5A53DC7E6D46}.Release|Any CPU.Build.0 = Release|Any CPU
		{7909C087-E906-4B84-8252-E48EDA75134B}.Debug|Any CPU.ActiveCfg = Debug|Any CPU
		{7909C087-E906-4B84-8252-E48EDA75134B}.Debug|Any CPU.Build.0 = Debug|Any CPU
		{7909C087-E906-4B84-8252-E48EDA75134B}.Release|Any CPU.ActiveCfg = Release|Any CPU
		{7909C087-E906-4B84-8252-E48EDA75134B}.Release|Any CPU.Build.0 = Release|Any CPU
	EndGlobalSection
	GlobalSection(SolutionProperties) = preSolution
		HideSolutionNode = FALSE
	EndGlobalSection
	GlobalSection(ExtensibilityGlobals) = postSolution
		SolutionGuid = {CB026F1A-D6C2-4017-AAB4-2C62A081113D}
	EndGlobalSection
EndGlobal
